
Microsoft Visual Studio Solution File, Format Version 12.00
# Visual Studio 14
VisualStudioVersion = 14.0.25420.1
MinimumVisualStudioVersion = 10.0.40219.1
Project("{FAE04EC0-301F-11D3-BF4B-00C04F79EFBC}") = "StringManipulation", "StringManipulation\StringManipulation.csproj", "{44953D0F-C862-4FDC-A034-B39C19F2ADCF}"
EndProject
Project("{FAE04EC0-301F-11D3-BF4B-00C04F79EFBC}") = "StringManipulationTests", "StringManipulationTests\StringManipulationTests.csproj", "{9933AEAD-B41A-4E0B-8B26-FD75E940347A}"
EndProject
Global
	GlobalSection(SolutionConfigurationPlatforms) = preSolution
		Debug|Any CPU = Debug|Any CPU
		Release|Any CPU = Release|Any CPU
	EndGlobalSection
	GlobalSection(ProjectConfigurationPlatforms) = postSolution
		{44953D0F-C862-4FDC-A034-B39C19F2ADCF}.Debug|Any CPU.ActiveCfg = Debug|Any CPU
		{44953D0F-C862-4FDC-A034-B39C19F2ADCF}.Debug|Any CPU.Build.0 = Debug|Any CPU
		{44953D0F-C862-4FDC-A034-B39C19F2ADCF}.Release|Any CPU.ActiveCfg = Release|Any CPU
		{44953D0F-C862-4FDC-A034-B39C19F2ADCF}.Release|Any CPU.Build.0 = Release|Any CPU
		{9933AEAD-B41A-4E0B-8B26-FD75E940347A}.Debug|Any CPU.ActiveCfg = Debug|Any CPU
		{9933AEAD-B41A-4E0B-8B26-FD75E940347A}.Debug|Any CPU.Build.0 = Debug|Any CPU
		{9933AEAD-B41A-4E0B-8B26-FD75E940347A}.Release|Any CPU.ActiveCfg = Release|Any CPU
		{9933AEAD-B41A-4E0B-8B26-FD75E940347A}.Release|Any CPU.Build.0 = Release|Any CPU
	EndGlobalSection
	GlobalSection(SolutionProperties) = preSolution
		HideSolutionNode = FALSE
	EndGlobalSection
EndGlobal
